
Microsoft Visual Studio Solution File, Format Version 12.00
# Visual Studio 2017
Project("{FAE04EC0-301F-11D3-BF4B-00C04F79EFBC}") = "testFunction.Plugins", "testFunction.Plugins.csproj", "{FA6AA213-77E5-8F7A-20BD-296F049DC21A}"
EndProject
Project("{FAE04EC0-301F-11D3-BF4B-00C04F79EFBC}") = "testFunction", "testFunction.csproj", "{9129130D-7BA3-9BBA-CA87-649C5CF5B766}"
EndProject
Project("{FAE04EC0-301F-11D3-BF4B-00C04F79EFBC}") = "testFunction.Editor", "testFunction.Editor.csproj", "{A7E1CA7A-5BF4-D394-824A-733FF246BE46}"
EndProject
Project("{FAE04EC0-301F-11D3-BF4B-00C04F79EFBC}") = "testFunction.Editor.Plugins", "testFunction.Editor.Plugins.csproj", "{8C7756EE-D1AB-F14F-99D6-177C127A41B7}"
EndProject
Global
	GlobalSection(SolutionConfigurationPlatforms) = preSolution
		Debug|Any CPU = Debug|Any CPU
		Release|Any CPU = Release|Any CPU
	EndGlobalSection
	GlobalSection(ProjectConfigurationPlatforms) = postSolution
		{FA6AA213-77E5-8F7A-20BD-296F049DC21A}.Debug|Any CPU.ActiveCfg = Debug|Any CPU
		{FA6AA213-77E5-8F7A-20BD-296F049DC21A}.Debug|Any CPU.Build.0 = Debug|Any CPU
		{FA6AA213-77E5-8F7A-20BD-296F049DC21A}.Release|Any CPU.ActiveCfg = Release|Any CPU
		{FA6AA213-77E5-8F7A-20BD-296F049DC21A}.Release|Any CPU.Build.0 = Release|Any CPU
		{9129130D-7BA3-9BBA-CA87-649C5CF5B766}.Debug|Any CPU.ActiveCfg = Debug|Any CPU
		{9129130D-7BA3-9BBA-CA87-649C5CF5B766}.Debug|Any CPU.Build.0 = Debug|Any CPU
		{9129130D-7BA3-9BBA-CA87-649C5CF5B766}.Release|Any CPU.ActiveCfg = Release|Any CPU
		{9129130D-7BA3-9BBA-CA87-649C5CF5B766}.Release|Any CPU.Build.0 = Release|Any CPU
		{A7E1CA7A-5BF4-D394-824A-733FF246BE46}.Debug|Any CPU.ActiveCfg = Debug|Any CPU
		{A7E1CA7A-5BF4-D394-824A-733FF246BE46}.Debug|Any CPU.Build.0 = Debug|Any CPU
		{A7E1CA7A-5BF4-D394-824A-733FF246BE46}.Release|Any CPU.ActiveCfg = Release|Any CPU
		{A7E1CA7A-5BF4-D394-824A-733FF246BE46}.Release|Any CPU.Build.0 = Release|Any CPU
		{8C7756EE-D1AB-F14F-99D6-177C127A41B7}.Debug|Any CPU.ActiveCfg = Debug|Any CPU
		{8C7756EE-D1AB-F14F-99D6-177C127A41B7}.Debug|Any CPU.Build.0 = Debug|Any CPU
		{8C7756EE-D1AB-F14F-99D6-177C127A41B7}.Release|Any CPU.ActiveCfg = Release|Any CPU
		{8C7756EE-D1AB-F14F-99D6-177C127A41B7}.Release|Any CPU.Build.0 = Release|Any CPU
	EndGlobalSection
	GlobalSection(SolutionProperties) = preSolution
		HideSolutionNode = FALSE
	EndGlobalSection
EndGlobal
